
Microsoft Visual Studio Solution File, Format Version 12.00
# Visual Studio Version 17
VisualStudioVersion = 17.11.35219.272
MinimumVisualStudioVersion = 10.0.40219.1
Project("{FAE04EC0-301F-11D3-BF4B-00C04F79EFBC}") = "MasterdbAPI", "MasterdbAPI.csproj", "{DE6A4D71-369B-4D40-A005-EA0B05ACD426}"
EndProject
Global
	GlobalSection(SolutionConfigurationPlatforms) = preSolution
		Debug|Any CPU = Debug|Any CPU
		Release|Any CPU = Release|Any CPU
	EndGlobalSection
	GlobalSection(ProjectConfigurationPlatforms) = postSolution
		{DE6A4D71-369B-4D40-A005-EA0B05ACD426}.Debug|Any CPU.ActiveCfg = Debug|Any CPU
		{DE6A4D71-369B-4D40-A005-EA0B05ACD426}.Debug|Any CPU.Build.0 = Debug|Any CPU
		{DE6A4D71-369B-4D40-A005-EA0B05ACD426}.Release|Any CPU.ActiveCfg = Release|Any CPU
		{DE6A4D71-369B-4D40-A005-EA0B05ACD426}.Release|Any CPU.Build.0 = Release|Any CPU
	EndGlobalSection
	GlobalSection(SolutionProperties) = preSolution
		HideSolutionNode = FALSE
	EndGlobalSection
	GlobalSection(ExtensibilityGlobals) = postSolution
		SolutionGuid = {4A446976-C55A-46F8-BF67-6D0961D238A0}
	EndGlobalSection
EndGlobal
